
Microsoft Visual Studio Solution File, Format Version 11.00
# Visual Studio 2010
Project("{FAE04EC0-301F-11D3-BF4B-00C04F79EFBC}") = "Satellite click phone", "Assembly-CSharp.csproj", "{B2FE4DD4-DE8E-CFBF-1C6A-FBC569B93183}"
EndProject
Project("{FAE04EC0-301F-11D3-BF4B-00C04F79EFBC}") = "Satellite click phone", "Assembly-CSharp-Editor.csproj", "{C79F3B6B-1ABD-4E76-B294-AF8C0FA72E18}"
EndProject
Global
	GlobalSection(SolutionConfigurationPlatforms) = preSolution
		Debug|Any CPU = Debug|Any CPU
		Release|Any CPU = Release|Any CPU
	EndGlobalSection
	GlobalSection(ProjectConfigurationPlatforms) = postSolution
		{B2FE4DD4-DE8E-CFBF-1C6A-FBC569B93183}.Debug|Any CPU.ActiveCfg = Debug|Any CPU
		{B2FE4DD4-DE8E-CFBF-1C6A-FBC569B93183}.Debug|Any CPU.Build.0 = Debug|Any CPU
		{B2FE4DD4-DE8E-CFBF-1C6A-FBC569B93183}.Release|Any CPU.ActiveCfg = Release|Any CPU
		{B2FE4DD4-DE8E-CFBF-1C6A-FBC569B93183}.Release|Any CPU.Build.0 = Release|Any CPU
		{C79F3B6B-1ABD-4E76-B294-AF8C0FA72E18}.Debug|Any CPU.ActiveCfg = Debug|Any CPU
		{C79F3B6B-1ABD-4E76-B294-AF8C0FA72E18}.Debug|Any CPU.Build.0 = Debug|Any CPU
		{C79F3B6B-1ABD-4E76-B294-AF8C0FA72E18}.Release|Any CPU.ActiveCfg = Release|Any CPU
		{C79F3B6B-1ABD-4E76-B294-AF8C0FA72E18}.Release|Any CPU.Build.0 = Release|Any CPU
	EndGlobalSection
	GlobalSection(SolutionProperties) = preSolution
		HideSolutionNode = FALSE
	EndGlobalSection
	GlobalSection(MonoDevelopProperties) = preSolution
		StartupItem = Assembly-CSharp.csproj
	EndGlobalSection
EndGlobal
